{
  "name": "penny",
  "version": "1.0.0",
  "lockfileVersion": 1,
  "requires": true,
  "dependencies": {
    "@types/eslint-visitor-keys": {
      "version": "1.0.0",
      "resolved": "https://registry.npmjs.org/@types/eslint-visitor-keys/-/eslint-visitor-keys-1.0.0.tgz",
      "integrity": "sha512-OCutwjDZ4aFS6PB1UZ988C4YgwlBHJd6wCeQqaLdmadZ/7e+w79+hbMUFC1QXDNCmdyoRfAFdm0RypzwR+Qpag==",
      "dev": true
    },
    "@types/json-schema": {
      "version": "7.0.5",
      "resolved": "https://registry.npmjs.org/@types/json-schema/-/json-schema-7.0.5.tgz",
      "integrity": "sha512-7+2BITlgjgDhH0vvwZU/HZJVyk+2XUlvxXe8dFMedNX/aMkaOq++rMAFXc0tM7ij15QaWlbdQASBR9dihi+bDQ==",
      "dev": true
    },
    "@types/node": {
      "version": "14.0.23",
      "resolved": "https://registry.npmjs.org/@types/node/-/node-14.0.23.tgz",
      "integrity": "sha512-Z4U8yDAl5TFkmYsZdFPdjeMa57NOvnaf1tljHzhouaPEp7LCj2JKkejpI1ODviIAQuW4CcQmxkQ77rnLsOOoKw=="
    },
    "@types/node-fetch": {
      "version": "2.5.7",
      "resolved": "https://registry.npmjs.org/@types/node-fetch/-/node-fetch-2.5.7.tgz",
      "integrity": "sha512-o2WVNf5UhWRkxlf6eq+jMZDu7kjgpgJfl4xVNlvryc95O/6F2ld8ztKX+qu+Rjyet93WAWm5LjeX9H5FGkODvw==",
      "requires": {
        "@types/node": "*",
        "form-data": "^3.0.0"
      }
    },
    "@types/node-schedule": {
      "version": "1.3.0",
      "resolved": "https://registry.npmjs.org/@types/node-schedule/-/node-schedule-1.3.0.tgz",
      "integrity": "sha512-gjKmC9wFxn8laKYKwVP2iZvxeiA1DWUb6CXAYXtoYBcDbiyMqxLn2sQq+8aaNc7Xr0p93Hf0O0VizdaEPUO0vA==",
      "requires": {
        "@types/node": "*"
      }
    },
    "@typescript-eslint/eslint-plugin": {
      "version": "3.7.0",
      "resolved": "https://registry.npmjs.org/@typescript-eslint/eslint-plugin/-/eslint-plugin-3.7.0.tgz",
      "integrity": "sha512-4OEcPON3QIx0ntsuiuFP/TkldmBGXf0uKxPQlGtS/W2F3ndYm8Vgdpj/woPJkzUc65gd3iR+qi3K8SDQP/obFg==",
      "dev": true,
      "requires": {
        "@typescript-eslint/experimental-utils": "3.7.0",
        "debug": "^4.1.1",
        "functional-red-black-tree": "^1.0.1",
        "regexpp": "^3.0.0",
        "semver": "^7.3.2",
        "tsutils": "^3.17.1"
      },
      "dependencies": {
        "semver": {
          "version": "7.3.2",
          "resolved": "https://registry.npmjs.org/semver/-/semver-7.3.2.tgz",
          "integrity": "sha512-OrOb32TeeambH6UrhtShmF7CRDqhL6/5XpPNp2DuRH6+9QLw/orhp72j87v8Qa1ScDkvrrBNpZcDejAirJmfXQ==",
          "dev": true
        }
      }
    },
    "@typescript-eslint/experimental-utils": {
      "version": "3.7.0",
      "resolved": "https://registry.npmjs.org/@typescript-eslint/experimental-utils/-/experimental-utils-3.7.0.tgz",
      "integrity": "sha512-xpfXXAfZqhhqs5RPQBfAFrWDHoNxD5+sVB5A46TF58Bq1hRfVROrWHcQHHUM9aCBdy9+cwATcvCbRg8aIRbaHQ==",
      "dev": true,
      "requires": {
        "@types/json-schema": "^7.0.3",
        "@typescript-eslint/types": "3.7.0",
        "@typescript-eslint/typescript-estree": "3.7.0",
        "eslint-scope": "^5.0.0",
        "eslint-utils": "^2.0.0"
      }
    },
    "@typescript-eslint/parser": {
      "version": "3.7.0",
      "resolved": "https://registry.npmjs.org/@typescript-eslint/parser/-/parser-3.7.0.tgz",
      "integrity": "sha512-2LZauVUt7jAWkcIW7djUc3kyW+fSarNEuM3RF2JdLHR9BfX/nDEnyA4/uWz0wseoWVZbDXDF7iF9Jc342flNqQ==",
      "dev": true,
      "requires": {
        "@types/eslint-visitor-keys": "^1.0.0",
        "@typescript-eslint/experimental-utils": "3.7.0",
        "@typescript-eslint/types": "3.7.0",
        "@typescript-eslint/typescript-estree": "3.7.0",
        "eslint-visitor-keys": "^1.1.0"
      }
    },
    "@typescript-eslint/types": {
      "version": "3.7.0",
      "resolved": "https://registry.npmjs.org/@typescript-eslint/types/-/types-3.7.0.tgz",
      "integrity": "sha512-reCaK+hyKkKF+itoylAnLzFeNYAEktB0XVfSQvf0gcVgpz1l49Lt6Vo9x4MVCCxiDydA0iLAjTF/ODH0pbfnpg==",
      "dev": true
    },
    "@typescript-eslint/typescript-estree": {
      "version": "3.7.0",
      "resolved": "https://registry.npmjs.org/@typescript-eslint/typescript-estree/-/typescript-estree-3.7.0.tgz",
      "integrity": "sha512-xr5oobkYRebejlACGr1TJ0Z/r0a2/HUf0SXqPvlgUMwiMqOCu/J+/Dr9U3T0IxpE5oLFSkqMx1FE/dKaZ8KsOQ==",
      "dev": true,
      "requires": {
        "@typescript-eslint/types": "3.7.0",
        "@typescript-eslint/visitor-keys": "3.7.0",
        "debug": "^4.1.1",
        "glob": "^7.1.6",
        "is-glob": "^4.0.1",
        "lodash": "^4.17.15",
        "semver": "^7.3.2",
        "tsutils": "^3.17.1"
      },
      "dependencies": {
        "semver": {
          "version": "7.3.2",
          "resolved": "https://registry.npmjs.org/semver/-/semver-7.3.2.tgz",
          "integrity": "sha512-OrOb32TeeambH6UrhtShmF7CRDqhL6/5XpPNp2DuRH6+9QLw/orhp72j87v8Qa1ScDkvrrBNpZcDejAirJmfXQ==",
          "dev": true
        }
      }
    },
    "@typescript-eslint/visitor-keys": {
      "version": "3.7.0",
      "resolved": "https://registry.npmjs.org/@typescript-eslint/visitor-keys/-/visitor-keys-3.7.0.tgz",
      "integrity": "sha512-k5PiZdB4vklUpUX4NBncn5RBKty8G3ihTY+hqJsCdMuD0v4jofI5xuqwnVcWxfv6iTm2P/dfEa2wMUnsUY8ODw==",
      "dev": true,
      "requires": {
        "eslint-visitor-keys": "^1.1.0"
      }
    },
    "assert-options": {
      "version": "0.6.2",
      "resolved": "https://registry.npmjs.org/assert-options/-/assert-options-0.6.2.tgz",
      "integrity": "sha512-KP9S549XptFAPGYmLRnIjQBL4/Ry8Jx5YNLQZ/l+eejqbTidBMnw4uZSAsUrzBq/lgyqDYqxcTF7cOxZb9gyEw=="
    },
    "asynckit": {
      "version": "0.4.0",
      "resolved": "https://registry.npmjs.org/asynckit/-/asynckit-0.4.0.tgz",
      "integrity": "sha1-x57Zf380y48robyXkLzDZkdLS3k="
    },
    "axios": {
      "version": "0.18.1",
      "resolved": "https://registry.npmjs.org/axios/-/axios-0.18.1.tgz",
      "integrity": "sha512-0BfJq4NSfQXd+SkFdrvFbG7addhYSBA2mQwISr46pD6E5iqkWg02RAs8vyTT/j0RTnoYmeXauBuSv1qKwR179g==",
      "requires": {
        "follow-redirects": "1.5.10",
        "is-buffer": "^2.0.2"
      }
    },
    "balanced-match": {
      "version": "1.0.0",
      "resolved": "https://registry.npmjs.org/balanced-match/-/balanced-match-1.0.0.tgz",
      "integrity": "sha1-ibTRmasr7kneFk6gK4nORi1xt2c=",
      "dev": true
    },
    "bluebird": {
      "version": "3.7.2",
      "resolved": "https://registry.npmjs.org/bluebird/-/bluebird-3.7.2.tgz",
      "integrity": "sha512-XpNj6GDQzdfW+r2Wnn7xiSAd7TM3jzkxGXBGTtWKuSXv1xUV+azxAm8jdWZN06QTQk+2N2XB9jRDkvbmQmcRtg=="
    },
    "brace-expansion": {
      "version": "1.1.11",
      "resolved": "https://registry.npmjs.org/brace-expansion/-/brace-expansion-1.1.11.tgz",
      "integrity": "sha512-iCuPHDFgrHX7H2vEI/5xpz07zSHB00TpugqhmYtVmMO6518mCuRMoOYFldEBl0g187ufozdaHgWKcYFb61qGiA==",
      "dev": true,
      "requires": {
        "balanced-match": "^1.0.0",
        "concat-map": "0.0.1"
      }
    },
    "buffer-writer": {
      "version": "2.0.0",
      "resolved": "https://registry.npmjs.org/buffer-writer/-/buffer-writer-2.0.0.tgz",
      "integrity": "sha512-a7ZpuTZU1TRtnwyCNW3I5dc0wWNC3VR9S++Ewyk2HHZdrO3CQJqSpd+95Us590V6AL7JqUAH2IwZ/398PmNFgw=="
    },
    "combined-stream": {
      "version": "1.0.8",
      "resolved": "https://registry.npmjs.org/combined-stream/-/combined-stream-1.0.8.tgz",
      "integrity": "sha512-FQN4MRfuJeHf7cBbBMJFXhKSDq+2kAArBlmRBvcvFE5BB1HZKXtSFASDhdlz9zOYwxh8lDdnvmMOe/+5cdoEdg==",
      "requires": {
        "delayed-stream": "~1.0.0"
      }
    },
    "concat-map": {
      "version": "0.0.1",
      "resolved": "https://registry.npmjs.org/concat-map/-/concat-map-0.0.1.tgz",
      "integrity": "sha1-2Klr13/Wjfd5OnMDajug1UBdR3s=",
      "dev": true
    },
    "cron-parser": {
      "version": "2.13.0",
      "resolved": "https://registry.npmjs.org/cron-parser/-/cron-parser-2.13.0.tgz",
      "integrity": "sha512-UWeIpnRb0eyoWPVk+pD3TDpNx3KCFQeezO224oJIkktBrcW6RoAPOx5zIKprZGfk6vcYSmA8yQXItejSaDBhbQ==",
      "requires": {
        "is-nan": "^1.2.1",
        "moment-timezone": "^0.5.25"
      }
    },
    "db-migrate-base": {
      "version": "2.3.0",
      "resolved": "https://registry.npmjs.org/db-migrate-base/-/db-migrate-base-2.3.0.tgz",
      "integrity": "sha512-mxaCkSe7JC2uksvI/rKs+wOQGBSZ6B87xa4b3i+QhB+XRBpGdpMzldKE6INf+EnM6kwhbIPKjyJZgyxui9xBfQ==",
      "requires": {
        "bluebird": "^3.1.1"
      }
    },
    "db-migrate-pg": {
      "version": "1.2.2",
      "resolved": "https://registry.npmjs.org/db-migrate-pg/-/db-migrate-pg-1.2.2.tgz",
      "integrity": "sha512-+rgrhGNWC2SzcfweopyZqOQ1Igz1RVFMUZwUs6SviHpOUzFwb0NZWkG0pw1GaO+JxTxS7VJjckUWkOwZbVYVag==",
      "requires": {
        "bluebird": "^3.1.1",
        "db-migrate-base": "^2.3.0",
        "pg": "^8.0.3",
        "semver": "^5.0.3"
      },
      "dependencies": {
        "semver": {
          "version": "5.7.1",
          "resolved": "https://registry.npmjs.org/semver/-/semver-5.7.1.tgz",
          "integrity": "sha512-sauaDf/PZdVgrLTNYHRtpXa1iRiKcaebiKQ1BJdpQlWH2lCvexQdX55snPFyK7QzpudqbCI0qXFfOasHdyNDGQ=="
        }
      }
    },
    "debug": {
      "version": "4.1.1",
      "resolved": "https://registry.npmjs.org/debug/-/debug-4.1.1.tgz",
      "integrity": "sha512-pYAIzeRo8J6KPEaJ0VWOh5Pzkbw/RetuzehGM7QRRX5he4fPHx2rdKMB256ehJCkX+XRQm16eZLqLNS8RSZXZw==",
      "dev": true,
      "requires": {
        "ms": "^2.1.1"
      }
    },
    "define-properties": {
      "version": "1.1.3",
      "resolved": "https://registry.npmjs.org/define-properties/-/define-properties-1.1.3.tgz",
      "integrity": "sha512-3MqfYKj2lLzdMSf8ZIZE/V+Zuy+BgD6f164e8K2w7dgnpKArBDerGYpM46IYYcjnkdPNMjPk9A6VFB8+3SKlXQ==",
      "requires": {
        "object-keys": "^1.0.12"
      }
    },
    "delayed-stream": {
      "version": "1.0.0",
      "resolved": "https://registry.npmjs.org/delayed-stream/-/delayed-stream-1.0.0.tgz",
      "integrity": "sha1-3zrhmayt+31ECqrgsp4icrJOxhk="
    },
    "detritus-client": {
      "version": "0.10.6",
      "resolved": "https://registry.npmjs.org/detritus-client/-/detritus-client-0.10.6.tgz",
      "integrity": "sha512-VRdjrbyOefkrbyXFuxEvwJG6iAL1iVNl9KoTSWIRaHgXgnzeQIlkxcpJaiSqiQo+SGOubw6ltKn1teeBnKeSAQ==",
      "requires": {
        "detritus-client-rest": "^0.7.1",
        "detritus-client-socket": "^0.5.1",
        "detritus-utils": "^0.2.6"
      }
    },
    "detritus-client-rest": {
      "version": "0.7.1",
      "resolved": "https://registry.npmjs.org/detritus-client-rest/-/detritus-client-rest-0.7.1.tgz",
      "integrity": "sha512-+eCcKsXNcBWCzPdvdpob2PeTb4BcIxRnh6/RFQE87guCMfSux8fi1rDNPAGItpGKZ9JmQfDoOPLlATHlTA9yIQ==",
      "requires": {
        "detritus-rest": "^0.4.0",
        "detritus-utils": "^0.2.6"
      }
    },
    "detritus-client-socket": {
      "version": "0.5.1",
      "resolved": "https://registry.npmjs.org/detritus-client-socket/-/detritus-client-socket-0.5.1.tgz",
      "integrity": "sha512-cYvobhp69vrnuwYTrKcI1MjBCLEHiScRMaT5zjWGiQYWjVFeKXTTHUkWsvfdXITCyFxy25NPH0cJXuhaJ+pz4A==",
      "requires": {
        "detritus-utils": "^0.2.6",
        "ws": "^7.3.0"
      }
    },
    "detritus-rest": {
      "version": "0.4.0",
      "resolved": "https://registry.npmjs.org/detritus-rest/-/detritus-rest-0.4.0.tgz",
      "integrity": "sha512-zJqmHgzjcmNvOOyJv2+YgT664KNIockQPiVrfYWhWayB1FsV92xxgpGi6a5osmUFyal6fGK+bRAwVW6Wj/u36g=="
    },
    "detritus-utils": {
      "version": "0.2.6",
      "resolved": "https://registry.npmjs.org/detritus-utils/-/detritus-utils-0.2.6.tgz",
      "integrity": "sha512-cjeZjmIPew0h4ZP+A9aGizGCNrUyYhSx4FkQXGa3bJ5dNunChSqzUR8a5c2Gq6PIerWldTbh9976WxMw3m6Ejw=="
    },
    "eris": {
      "version": "0.13.3",
      "resolved": "https://registry.npmjs.org/eris/-/eris-0.13.3.tgz",
      "integrity": "sha512-WBtLyknOWZpYZL9yPhez0oKUWvYpunSg43hGxawwjwSf3gFXmbEPYrT8KlmZXtpJnX16eQ7mzIq+MgSh3LarEg==",
      "requires": {
        "opusscript": "^0.0.7",
        "tweetnacl": "^1.0.1",
        "ws": "^7.2.1"
      }
    },
    "eslint-scope": {
      "version": "5.1.0",
      "resolved": "https://registry.npmjs.org/eslint-scope/-/eslint-scope-5.1.0.tgz",
      "integrity": "sha512-iiGRvtxWqgtx5m8EyQUJihBloE4EnYeGE/bz1wSPwJE6tZuJUtHlhqDM4Xj2ukE8Dyy1+HCZ4hE0fzIVMzb58w==",
      "dev": true,
      "requires": {
        "esrecurse": "^4.1.0",
        "estraverse": "^4.1.1"
      }
    },
    "eslint-utils": {
      "version": "2.1.0",
      "resolved": "https://registry.npmjs.org/eslint-utils/-/eslint-utils-2.1.0.tgz",
      "integrity": "sha512-w94dQYoauyvlDc43XnGB8lU3Zt713vNChgt4EWwhXAP2XkBvndfxF0AgIqKOOasjPIPzj9JqgwkwbCYD0/V3Zg==",
      "dev": true,
      "requires": {
        "eslint-visitor-keys": "^1.1.0"
      }
    },
    "eslint-visitor-keys": {
      "version": "1.3.0",
      "resolved": "https://registry.npmjs.org/eslint-visitor-keys/-/eslint-visitor-keys-1.3.0.tgz",
      "integrity": "sha512-6J72N8UNa462wa/KFODt/PJ3IU60SDpC3QXC1Hjc1BXXpfL2C9R5+AU7jhe0F6GREqVMh4Juu+NY7xn+6dipUQ==",
      "dev": true
    },
    "esrecurse": {
      "version": "4.2.1",
      "resolved": "https://registry.npmjs.org/esrecurse/-/esrecurse-4.2.1.tgz",
      "integrity": "sha512-64RBB++fIOAXPw3P9cy89qfMlvZEXZkqqJkjqqXIvzP5ezRZjW+lPWjw35UX/3EhUPFYbg5ER4JYgDw4007/DQ==",
      "dev": true,
      "requires": {
        "estraverse": "^4.1.0"
      }
    },
    "estraverse": {
      "version": "4.3.0",
      "resolved": "https://registry.npmjs.org/estraverse/-/estraverse-4.3.0.tgz",
      "integrity": "sha512-39nnKffWz8xN1BU/2c79n9nB9HDzo0niYUqx6xyqUnyoAnQyyWpOTdZEeiCch8BBu515t4wp9ZmgVfVhn9EBpw==",
      "dev": true
    },
    "follow-redirects": {
      "version": "1.5.10",
      "resolved": "https://registry.npmjs.org/follow-redirects/-/follow-redirects-1.5.10.tgz",
      "integrity": "sha512-0V5l4Cizzvqt5D44aTXbFZz+FtyXV1vrDN6qrelxtfYQKW0KO0W2T/hkE8xvGa/540LkZlkaUjO4ailYTFtHVQ==",
      "requires": {
        "debug": "=3.1.0"
      },
      "dependencies": {
        "debug": {
          "version": "3.1.0",
          "resolved": "https://registry.npmjs.org/debug/-/debug-3.1.0.tgz",
          "integrity": "sha512-OX8XqP7/1a9cqkxYw2yXss15f26NKWBpDXQd0/uK/KPqdQhxbPa994hnzjcE2VqQpDslf55723cKPUOGSmMY3g==",
          "requires": {
            "ms": "2.0.0"
          }
        },
        "ms": {
          "version": "2.0.0",
          "resolved": "https://registry.npmjs.org/ms/-/ms-2.0.0.tgz",
          "integrity": "sha1-VgiurfwAvmwpAd9fmGF4jeDVl8g="
        }
      }
    },
    "form-data": {
      "version": "3.0.0",
      "resolved": "https://registry.npmjs.org/form-data/-/form-data-3.0.0.tgz",
      "integrity": "sha512-CKMFDglpbMi6PyN+brwB9Q/GOw0eAnsrEZDgcsH5Krhz5Od/haKHAX0NmQfha2zPPz0JpWzA7GJHGSnvCRLWsg==",
      "requires": {
        "asynckit": "^0.4.0",
        "combined-stream": "^1.0.8",
        "mime-types": "^2.1.12"
      }
    },
    "fs.realpath": {
      "version": "1.0.0",
      "resolved": "https://registry.npmjs.org/fs.realpath/-/fs.realpath-1.0.0.tgz",
      "integrity": "sha1-FQStJSMVjKpA20onh8sBQRmU6k8=",
      "dev": true
    },
    "functional-red-black-tree": {
      "version": "1.0.1",
      "resolved": "https://registry.npmjs.org/functional-red-black-tree/-/functional-red-black-tree-1.0.1.tgz",
      "integrity": "sha1-GwqzvVU7Kg1jmdKcDj6gslIHgyc=",
      "dev": true
    },
    "glob": {
      "version": "7.1.6",
      "resolved": "https://registry.npmjs.org/glob/-/glob-7.1.6.tgz",
      "integrity": "sha512-LwaxwyZ72Lk7vZINtNNrywX0ZuLyStrdDtabefZKAY5ZGJhVtgdznluResxNmPitE0SAO+O26sWTHeKSI2wMBA==",
      "dev": true,
      "requires": {
        "fs.realpath": "^1.0.0",
        "inflight": "^1.0.4",
        "inherits": "2",
        "minimatch": "^3.0.4",
        "once": "^1.3.0",
        "path-is-absolute": "^1.0.0"
      }
    },
    "html-entities": {
      "version": "1.3.1",
      "resolved": "https://registry.npmjs.org/html-entities/-/html-entities-1.3.1.tgz",
      "integrity": "sha512-rhE/4Z3hIhzHAUKbW8jVcCyuT5oJCXXqhN/6mXXVCpzTmvJnoH2HL/bt3EZ6p55jbFJBeAe1ZNpL5BugLujxNA=="
    },
    "inflight": {
      "version": "1.0.6",
      "resolved": "https://registry.npmjs.org/inflight/-/inflight-1.0.6.tgz",
      "integrity": "sha1-Sb1jMdfQLQwJvJEKEHW6gWW1bfk=",
      "dev": true,
      "requires": {
        "once": "^1.3.0",
        "wrappy": "1"
      }
    },
    "inherits": {
      "version": "2.0.4",
      "resolved": "https://registry.npmjs.org/inherits/-/inherits-2.0.4.tgz",
      "integrity": "sha512-k/vGaX4/Yla3WzyMCvTQOXYeIHvqOKtnqBduzTHpzpQZzAskKMhZ2K+EnBiSM9zGSoIFeMpXKxa4dYeZIQqewQ==",
      "dev": true
    },
    "is-buffer": {
      "version": "2.0.4",
      "resolved": "https://registry.npmjs.org/is-buffer/-/is-buffer-2.0.4.tgz",
      "integrity": "sha512-Kq1rokWXOPXWuaMAqZiJW4XxsmD9zGx9q4aePabbn3qCRGedtH7Cm+zV8WETitMfu1wdh+Rvd6w5egwSngUX2A=="
    },
    "is-extglob": {
      "version": "2.1.1",
      "resolved": "https://registry.npmjs.org/is-extglob/-/is-extglob-2.1.1.tgz",
      "integrity": "sha1-qIwCU1eR8C7TfHahueqXc8gz+MI=",
      "dev": true
    },
    "is-glob": {
      "version": "4.0.1",
      "resolved": "https://registry.npmjs.org/is-glob/-/is-glob-4.0.1.tgz",
      "integrity": "sha512-5G0tKtBTFImOqDnLB2hG6Bp2qcKEFduo4tZu9MT/H6NQv/ghhy30o55ufafxJ/LdH79LLs2Kfrn85TLKyA7BUg==",
      "dev": true,
      "requires": {
        "is-extglob": "^2.1.1"
      }
    },
    "is-nan": {
      "version": "1.3.0",
      "resolved": "https://registry.npmjs.org/is-nan/-/is-nan-1.3.0.tgz",
      "integrity": "sha512-z7bbREymOqt2CCaZVly8aC4ML3Xhfi0ekuOnjO2L8vKdl+CttdVoGZQhd4adMFAsxQ5VeRVwORs4tU8RH+HFtQ==",
      "requires": {
        "define-properties": "^1.1.3"
      }
    },
    "lodash": {
      "version": "4.17.19",
      "resolved": "https://registry.npmjs.org/lodash/-/lodash-4.17.19.tgz",
      "integrity": "sha512-JNvd8XER9GQX0v2qJgsaN/mzFCNA5BRe/j8JN9d+tWyGLSodKQHKFicdwNYzWwI3wjRnaKPsGj1XkBjx/F96DQ==",
      "dev": true
    },
    "long-timeout": {
      "version": "0.1.1",
      "resolved": "https://registry.npmjs.org/long-timeout/-/long-timeout-0.1.1.tgz",
      "integrity": "sha1-lyHXiLR+C8taJMLivuGg2lXatRQ="
    },
    "m3u8stream": {
      "version": "0.7.1",
      "resolved": "https://registry.npmjs.org/m3u8stream/-/m3u8stream-0.7.1.tgz",
      "integrity": "sha512-z6ldnAdhbuWOL6LmMkwptSZGzj+qbRytMKLTbNicwF/bJMjf9U9lqD57RNQUFecvWadEkzy6PDjcNJFFgi19uQ==",
      "requires": {
        "miniget": "^1.6.1",
        "sax": "^1.2.4"
      },
      "dependencies": {
        "miniget": {
          "version": "1.7.2",
          "resolved": "https://registry.npmjs.org/miniget/-/miniget-1.7.2.tgz",
          "integrity": "sha512-USPNNK2bnHLOplX8BZVMehUkyQizS/DFpBdoH0TS+fM+hQoLNg9tWg4MeY9wE8gfY0pbzmx5UBEODujt3Lz8AA=="
        },
        "sax": {
          "version": "1.2.4",
          "resolved": "https://registry.npmjs.org/sax/-/sax-1.2.4.tgz",
          "integrity": "sha512-NqVDv9TpANUjFm0N8uM5GxL36UgKi9/atZw+x7YFnQ8ckwFGKrl4xX4yWtrey3UJm5nP1kUbnYgLopqWNSRhWw=="
        }
      }
    },
    "mime-db": {
      "version": "1.43.0",
      "resolved": "https://registry.npmjs.org/mime-db/-/mime-db-1.43.0.tgz",
      "integrity": "sha512-+5dsGEEovYbT8UY9yD7eE4XTc4UwJ1jBYlgaQQF38ENsKR3wj/8q8RFZrF9WIZpB2V1ArTVFUva8sAul1NzRzQ=="
    },
    "mime-types": {
      "version": "2.1.26",
      "resolved": "https://registry.npmjs.org/mime-types/-/mime-types-2.1.26.tgz",
      "integrity": "sha512-01paPWYgLrkqAyrlDorC1uDwl2p3qZT7yl806vW7DvDoxwXi46jsjFbg+WdwotBIk6/MbEhO/dh5aZ5sNj/dWQ==",
      "requires": {
        "mime-db": "1.43.0"
      }
    },
    "miniget": {
      "version": "2.0.1",
      "resolved": "https://registry.npmjs.org/miniget/-/miniget-2.0.1.tgz",
      "integrity": "sha512-MX+QfVIPAutz6c+T7WKuFKtjcw0nOyRRh1ubhTDD+z/e/pKcSAsfAV63aQKUgb1MFRT1GyfJeW53N5fHkX0wIA=="
    },
    "minimatch": {
      "version": "3.0.4",
      "resolved": "https://registry.npmjs.org/minimatch/-/minimatch-3.0.4.tgz",
      "integrity": "sha512-yJHVQEhyqPLUTgt9B83PXu6W3rx4MvvHvSUvToogpwoGDOUQ+yDrR0HRot+yOCdCO7u4hX3pWft6kWBBcqh0UA==",
      "dev": true,
      "requires": {
        "brace-expansion": "^1.1.7"
      }
    },
    "moment": {
      "version": "2.27.0",
      "resolved": "https://registry.npmjs.org/moment/-/moment-2.27.0.tgz",
      "integrity": "sha512-al0MUK7cpIcglMv3YF13qSgdAIqxHTO7brRtaz3DlSULbqfazqkc5kEjNrLDOM7fsjshoFIihnU8snrP7zUvhQ=="
    },
    "moment-timezone": {
      "version": "0.5.28",
      "resolved": "https://registry.npmjs.org/moment-timezone/-/moment-timezone-0.5.28.tgz",
      "integrity": "sha512-TDJkZvAyKIVWg5EtVqRzU97w0Rb0YVbfpqyjgu6GwXCAohVRqwZjf4fOzDE6p1Ch98Sro/8hQQi65WDXW5STPw==",
      "requires": {
        "moment": ">= 2.9.0"
      }
    },
    "ms": {
      "version": "2.1.2",
      "resolved": "https://registry.npmjs.org/ms/-/ms-2.1.2.tgz",
      "integrity": "sha512-sGkPx+VjMtmA6MX27oA4FBFELFCZZ4S4XqeGOXCv68tT+jb3vk/RyaKWP0PTKyWtmLSM0b+adUTEvbs1PEaH2w==",
      "dev": true
    },
    "node-fetch": {
      "version": "2.6.0",
      "resolved": "https://registry.npmjs.org/node-fetch/-/node-fetch-2.6.0.tgz",
      "integrity": "sha512-8dG4H5ujfvFiqDmVu9fQ5bOHUC15JMjMY/Zumv26oOvvVJjM67KF8koCWIabKQ1GJIa9r2mMZscBq/TbdOcmNA=="
    },
    "node-schedule": {
      "version": "1.3.2",
      "resolved": "https://registry.npmjs.org/node-schedule/-/node-schedule-1.3.2.tgz",
      "integrity": "sha512-GIND2pHMHiReSZSvS6dpZcDH7pGPGFfWBIEud6S00Q8zEIzAs9ommdyRK1ZbQt8y1LyZsJYZgPnyi7gpU2lcdw==",
      "requires": {
        "cron-parser": "^2.7.3",
        "long-timeout": "0.1.1",
        "sorted-array-functions": "^1.0.0"
      }
    },
    "object-keys": {
      "version": "1.1.1",
      "resolved": "https://registry.npmjs.org/object-keys/-/object-keys-1.1.1.tgz",
      "integrity": "sha512-NuAESUOUMrlIXOfHKzD6bpPu3tYt3xvjNdRIQ+FeT0lNb4K8WR70CaDxhuNguS2XG+GjkyMwOzsN5ZktImfhLA=="
    },
    "once": {
      "version": "1.4.0",
      "resolved": "https://registry.npmjs.org/once/-/once-1.4.0.tgz",
      "integrity": "sha1-WDsap3WWHUsROsF9nFC6753Xa9E=",
      "dev": true,
      "requires": {
        "wrappy": "1"
      }
    },
    "opusscript": {
      "version": "0.0.7",
      "resolved": "https://registry.npmjs.org/opusscript/-/opusscript-0.0.7.tgz",
      "integrity": "sha512-DcBadTdYTUuH9zQtepsLjQn4Ll6rs3dmeFvN+SD0ThPnxRBRm/WC1zXWPg+wgAJimB784gdZvUMA57gDP7FdVg==",
      "optional": true
    },
    "packet-reader": {
      "version": "1.0.0",
      "resolved": "https://registry.npmjs.org/packet-reader/-/packet-reader-1.0.0.tgz",
      "integrity": "sha512-HAKu/fG3HpHFO0AA8WE8q2g+gBJaZ9MG7fcKk+IJPLTGAD6Psw4443l+9DGRbOIh3/aXr7Phy0TjilYivJo5XQ=="
    },
    "path-is-absolute": {
      "version": "1.0.1",
      "resolved": "https://registry.npmjs.org/path-is-absolute/-/path-is-absolute-1.0.1.tgz",
      "integrity": "sha1-F0uSaHNVNP+8es5r9TpanhtcX18=",
      "dev": true
    },
    "pg": {
      "version": "8.2.1",
      "resolved": "https://registry.npmjs.org/pg/-/pg-8.2.1.tgz",
      "integrity": "sha512-DKzffhpkWRr9jx7vKxA+ur79KG+SKw+PdjMb1IRhMiKI9zqYUGczwFprqy+5Veh/DCcFs1Y6V8lRLN5I1DlleQ==",
      "requires": {
        "buffer-writer": "2.0.0",
        "packet-reader": "1.0.0",
        "pg-connection-string": "^2.2.3",
        "pg-pool": "^3.2.1",
        "pg-protocol": "^1.2.4",
        "pg-types": "^2.1.0",
        "pgpass": "1.x",
        "semver": "4.3.2"
      }
    },
    "pg-connection-string": {
      "version": "2.2.3",
      "resolved": "https://registry.npmjs.org/pg-connection-string/-/pg-connection-string-2.2.3.tgz",
      "integrity": "sha512-I/KCSQGmOrZx6sMHXkOs2MjddrYcqpza3Dtsy0AjIgBr/bZiPJRK9WhABXN1Uy1UDazRbi9gZEzO2sAhL5EqiQ=="
    },
    "pg-int8": {
      "version": "1.0.1",
      "resolved": "https://registry.npmjs.org/pg-int8/-/pg-int8-1.0.1.tgz",
      "integrity": "sha512-WCtabS6t3c8SkpDBUlb1kjOs7l66xsGdKpIPZsg4wR+B3+u9UAum2odSsF9tnvxg80h4ZxLWMy4pRjOsFIqQpw=="
    },
    "pg-minify": {
      "version": "1.6.1",
      "resolved": "https://registry.npmjs.org/pg-minify/-/pg-minify-1.6.1.tgz",
      "integrity": "sha512-ujanxJJB9CSDUvlAOshtjdKAywOPR2vY0a7D+vvgk5rbrYcthZA7TjpN+Z+UwZsz/G/bUexYDT6huE33vYVN0g=="
    },
    "pg-pool": {
      "version": "3.2.1",
      "resolved": "https://registry.npmjs.org/pg-pool/-/pg-pool-3.2.1.tgz",
      "integrity": "sha512-BQDPWUeKenVrMMDN9opfns/kZo4lxmSWhIqo+cSAF7+lfi9ZclQbr9vfnlNaPr8wYF3UYjm5X0yPAhbcgqNOdA=="
    },
    "pg-promise": {
      "version": "10.5.8",
      "resolved": "https://registry.npmjs.org/pg-promise/-/pg-promise-10.5.8.tgz",
      "integrity": "sha512-EdLyPd/XlmNsfA2uRKHuCnyLhk5DHPdKGPZmjzpcKfdx6dDZB+nEfSuaNSjReRrM7BmPaV/hSGppt9kG/W2Umw==",
      "requires": {
        "assert-options": "0.6.2",
        "pg": "8.2.2",
        "pg-minify": "1.6.1",
        "spex": "3.0.2"
      },
      "dependencies": {
        "pg": {
          "version": "8.2.2",
          "resolved": "https://registry.npmjs.org/pg/-/pg-8.2.2.tgz",
          "integrity": "sha512-Uni50U0W2CNPM68+zfC/1WWjSO3q/uBSF/Nl7D+1npZGsPSM4/EZt0xSMW2jox1Bn0EfDlnTWnTsM/TrSOtBEA==",
          "requires": {
            "buffer-writer": "2.0.0",
            "packet-reader": "1.0.0",
            "pg-connection-string": "^2.2.3",
            "pg-pool": "^3.2.1",
            "pg-protocol": "^1.2.5",
            "pg-types": "^2.1.0",
            "pgpass": "1.x",
            "semver": "4.3.2"
          }
        },
        "pg-protocol": {
          "version": "1.2.5",
          "resolved": "https://registry.npmjs.org/pg-protocol/-/pg-protocol-1.2.5.tgz",
          "integrity": "sha512-1uYCckkuTfzz/FCefvavRywkowa6M5FohNMF5OjKrqo9PSR8gYc8poVmwwYQaBxhmQdBjhtP514eXy9/Us2xKg=="
        }
      }
    },
    "pg-protocol": {
      "version": "1.2.4",
      "resolved": "https://registry.npmjs.org/pg-protocol/-/pg-protocol-1.2.4.tgz",
      "integrity": "sha512-/8L/G+vW/VhWjTGXpGh8XVkXOFx1ZDY+Yuz//Ab8CfjInzFkreI+fDG3WjCeSra7fIZwAFxzbGptNbm8xSXenw=="
    },
    "pg-types": {
      "version": "2.2.0",
      "resolved": "https://registry.npmjs.org/pg-types/-/pg-types-2.2.0.tgz",
      "integrity": "sha512-qTAAlrEsl8s4OiEQY69wDvcMIdQN6wdz5ojQiOy6YRMuynxenON0O5oCpJI6lshc6scgAY8qvJ2On/p+CXY0GA==",
      "requires": {
        "pg-int8": "1.0.1",
        "postgres-array": "~2.0.0",
        "postgres-bytea": "~1.0.0",
        "postgres-date": "~1.0.4",
        "postgres-interval": "^1.1.0"
      }
    },
    "pgpass": {
      "version": "1.0.2",
      "resolved": "https://registry.npmjs.org/pgpass/-/pgpass-1.0.2.tgz",
      "integrity": "sha1-Knu0G2BltnkH6R2hsHwYR8h3swY=",
      "requires": {
        "split": "^1.0.0"
      }
    },
    "postgres-array": {
      "version": "2.0.0",
      "resolved": "https://registry.npmjs.org/postgres-array/-/postgres-array-2.0.0.tgz",
      "integrity": "sha512-VpZrUqU5A69eQyW2c5CA1jtLecCsN2U/bD6VilrFDWq5+5UIEVO7nazS3TEcHf1zuPYO/sqGvUvW62g86RXZuA=="
    },
    "postgres-bytea": {
      "version": "1.0.0",
      "resolved": "https://registry.npmjs.org/postgres-bytea/-/postgres-bytea-1.0.0.tgz",
      "integrity": "sha1-AntTPAqokOJtFy1Hz5zOzFIazTU="
    },
    "postgres-date": {
      "version": "1.0.5",
      "resolved": "https://registry.npmjs.org/postgres-date/-/postgres-date-1.0.5.tgz",
      "integrity": "sha512-pdau6GRPERdAYUQwkBnGKxEfPyhVZXG/JiS44iZWiNdSOWE09N2lUgN6yshuq6fVSon4Pm0VMXd1srUUkLe9iA=="
    },
    "postgres-interval": {
      "version": "1.2.0",
      "resolved": "https://registry.npmjs.org/postgres-interval/-/postgres-interval-1.2.0.tgz",
      "integrity": "sha512-9ZhXKM/rw350N1ovuWHbGxnGh/SNJ4cnxHiM0rxE4VN41wsg8P8zWn9hv/buK00RP4WvlOyr/RBDiptyxVbkZQ==",
      "requires": {
        "xtend": "^4.0.0"
      }
    },
    "prettier": {
      "version": "2.0.5",
      "resolved": "https://registry.npmjs.org/prettier/-/prettier-2.0.5.tgz",
      "integrity": "sha512-7PtVymN48hGcO4fGjybyBSIWDsLU4H4XlvOHfq91pz9kkGlonzwTfYkaIEwiRg/dAJF9YlbsduBAgtYLi+8cFg==",
      "dev": true
    },
    "regexpp": {
      "version": "3.1.0",
      "resolved": "https://registry.npmjs.org/regexpp/-/regexpp-3.1.0.tgz",
      "integrity": "sha512-ZOIzd8yVsQQA7j8GCSlPGXwg5PfmA1mrq0JP4nGhh54LaKN3xdai/vHUDu74pKwV8OxseMS65u2NImosQcSD0Q==",
      "dev": true
    },
    "sax": {
      "version": "0.5.8",
      "resolved": "https://registry.npmjs.org/sax/-/sax-0.5.8.tgz",
      "integrity": "sha1-1HLbIo6zMcJQaw6MFVJK25OdEsE="
    },
    "semver": {
      "version": "4.3.2",
      "resolved": "https://registry.npmjs.org/semver/-/semver-4.3.2.tgz",
      "integrity": "sha1-x6BxWKgL7dBSNVt3DYLWZA+AO+c="
    },
    "sorted-array-functions": {
      "version": "1.2.0",
      "resolved": "https://registry.npmjs.org/sorted-array-functions/-/sorted-array-functions-1.2.0.tgz",
      "integrity": "sha512-sWpjPhIZJtqO77GN+LD8dDsDKcWZ9GCOJNqKzi1tvtjGIzwfoyuRH8S0psunmc6Z5P+qfDqztSbwYR5X/e1UTg=="
    },
    "spex": {
      "version": "3.0.2",
      "resolved": "https://registry.npmjs.org/spex/-/spex-3.0.2.tgz",
      "integrity": "sha512-ZNCrOso+oNv5P01HCO4wuxV9Og5rS6ms7gGAqugfBPjx1QwfNXJI3T02ldfaap1O0dlT1sB0Rk+mhDqxt3Z27w=="
    },
    "split": {
      "version": "1.0.1",
      "resolved": "https://registry.npmjs.org/split/-/split-1.0.1.tgz",
      "integrity": "sha512-mTyOoPbrivtXnwnIxZRFYRrPNtEFKlpB2fvjSnCQUiAA6qAZzqwna5envK4uk6OIeP17CsdF3rSBGYVBsU0Tkg==",
      "requires": {
        "through": "2"
      }
    },
    "through": {
      "version": "2.3.8",
      "resolved": "https://registry.npmjs.org/through/-/through-2.3.8.tgz",
      "integrity": "sha1-DdTJ/6q8NXlgsbckEV1+Doai4fU="
    },
    "tsc": {
      "version": "1.20150623.0",
      "resolved": "https://registry.npmjs.org/tsc/-/tsc-1.20150623.0.tgz",
      "integrity": "sha1-Trw8d04WkUjLx2inNCUz8ILHpuU="
    },
    "tslib": {
      "version": "1.13.0",
      "resolved": "https://registry.npmjs.org/tslib/-/tslib-1.13.0.tgz",
      "integrity": "sha512-i/6DQjL8Xf3be4K/E6Wgpekn5Qasl1usyw++dAA35Ue5orEn65VIxOA+YvNNl9HV3qv70T7CNwjODHZrLwvd1Q==",
      "dev": true
    },
    "tsutils": {
      "version": "3.17.1",
      "resolved": "https://registry.npmjs.org/tsutils/-/tsutils-3.17.1.tgz",
      "integrity": "sha512-kzeQ5B8H3w60nFY2g8cJIuH7JDpsALXySGtwGJ0p2LSjLgay3NdIpqq5SoOBe46bKDW2iq25irHCr8wjomUS2g==",
      "dev": true,
      "requires": {
        "tslib": "^1.8.1"
      }
    },
    "tweetnacl": {
      "version": "1.0.3",
      "resolved": "https://registry.npmjs.org/tweetnacl/-/tweetnacl-1.0.3.tgz",
      "integrity": "sha512-6rt+RN7aOi1nGMyC4Xa5DdYiukl2UWCbcJft7YhxReBGQD7OAM8Pbxw6YMo4r2diNEA8FEmu32YOn9rhaiE5yw==",
      "optional": true
    },
    "typescript": {
      "version": "3.9.7",
      "resolved": "https://registry.npmjs.org/typescript/-/typescript-3.9.7.tgz",
      "integrity": "sha512-BLbiRkiBzAwsjut4x/dsibSTB6yWpwT5qWmC2OfuCg3GgVQCSgMs4vEctYPhsaGtd0AeuuHMkjZ2h2WG8MSzRw==",
      "dev": true
    },
    "wrappy": {
      "version": "1.0.2",
      "resolved": "https://registry.npmjs.org/wrappy/-/wrappy-1.0.2.tgz",
      "integrity": "sha1-tSQ9jz7BqjXxNkYFvA0QNuMKtp8=",
      "dev": true
    },
    "ws": {
      "version": "7.3.1",
      "resolved": "https://registry.npmjs.org/ws/-/ws-7.3.1.tgz",
      "integrity": "sha512-D3RuNkynyHmEJIpD2qrgVkc9DQ23OrN/moAwZX4L8DfvszsJxpjQuUq3LMx6HoYji9fbIOBY18XWBsAux1ZZUA=="
    },
    "xml2js": {
      "version": "0.2.8",
      "resolved": "https://registry.npmjs.org/xml2js/-/xml2js-0.2.8.tgz",
      "integrity": "sha1-m4FpCTFjH/CdGVdUn69U9PmAs8I=",
      "requires": {
        "sax": "0.5.x"
      }
    },
    "xtend": {
      "version": "4.0.2",
      "resolved": "https://registry.npmjs.org/xtend/-/xtend-4.0.2.tgz",
      "integrity": "sha512-LKYU1iAXJXUgAXn9URjiu+MWhyUXHsvfp7mcuYm9dSUKK0/CjtrUwFAxD82/mCWbtLsGjFIad0wIsod4zrTAEQ=="
    },
    "youtube-search": {
      "version": "1.1.4",
      "resolved": "https://registry.npmjs.org/youtube-search/-/youtube-search-1.1.4.tgz",
      "integrity": "sha512-eS3VAqm2avF094d/zu/iKjxMWIAPZ9GZ2V4qVYlznUwt2gEfQRG64o4rRHmeG60GGPCRNoPIJfbjilbfGSMfVA==",
      "requires": {
        "axios": "^0.18.0",
        "xml2js": "~0.2.8"
      }
    },
    "ytdl-core": {
      "version": "3.1.2",
      "resolved": "https://registry.npmjs.org/ytdl-core/-/ytdl-core-3.1.2.tgz",
      "integrity": "sha512-H2ja9W9j89TTf+LMQxo1VrdpUNCcjjHnwY6M4NmvgUaQLwNZnIoBwbch4iaT8q75trUK83PzmbihkUBd5Poyfg==",
      "requires": {
        "html-entities": "^1.3.1",
        "m3u8stream": "^0.7.1",
        "miniget": "^2.0.1",
        "sax": "^1.1.3"
      },
      "dependencies": {
        "sax": {
          "version": "1.2.4",
          "resolved": "https://registry.npmjs.org/sax/-/sax-1.2.4.tgz",
          "integrity": "sha512-NqVDv9TpANUjFm0N8uM5GxL36UgKi9/atZw+x7YFnQ8ckwFGKrl4xX4yWtrey3UJm5nP1kUbnYgLopqWNSRhWw=="
        }
      }
    }
  }
}
