{
  "name": "penny",
  "version": "1.0.0",
  "lockfileVersion": 1,
  "requires": true,
  "dependencies": {
    "@types/node": {
      "version": "13.11.0",
      "resolved": "https://registry.npmjs.org/@types/node/-/node-13.11.0.tgz",
      "integrity": "sha512-uM4mnmsIIPK/yeO+42F2RQhGUIs39K2RFmugcJANppXe6J1nvH87PvzPZYpza7Xhhs8Yn9yIAVdLZ84z61+0xQ=="
    },
    "detritus-client": {
      "version": "0.10.1",
      "resolved": "https://registry.npmjs.org/detritus-client/-/detritus-client-0.10.1.tgz",
      "integrity": "sha512-+XBehxwq0Kn9ukAmghsYIUWEj0V2uDevqv+Szi/fVDb7VLHbzGenRGtnceV1Lfk1G7ZIlyf9MowN9JovIlW65w==",
      "requires": {
        "detritus-client-rest": "^0.6.9",
        "detritus-client-socket": "^0.4.7",
        "detritus-utils": "^0.2.6"
      }
    },
    "detritus-client-rest": {
      "version": "0.6.9",
      "resolved": "https://registry.npmjs.org/detritus-client-rest/-/detritus-client-rest-0.6.9.tgz",
      "integrity": "sha512-3gLb2h2L4Le7z0rMUobRDo/UfYqQupp73anqxTucsE4WO5Sbze/M+Q0q+ltaNgXo9qmWMrY4QV2EIq+WpvX6mw==",
      "requires": {
        "detritus-rest": "^0.3.1",
        "detritus-utils": "^0.2.6"
      }
    },
    "detritus-client-socket": {
      "version": "0.4.7",
      "resolved": "https://registry.npmjs.org/detritus-client-socket/-/detritus-client-socket-0.4.7.tgz",
      "integrity": "sha512-atnVI0tG3xnC+Ph1G2Xg6cwZ6f+q8BZ0I21iqTc+ShUVBhsO/LTqkncYQq55ssaWXn0DYSP3abAQQDfcTwrrJg==",
      "requires": {
        "detritus-utils": "^0.2.6",
        "ws": "^7.2.0"
      }
    },
    "detritus-rest": {
      "version": "0.3.1",
      "resolved": "https://registry.npmjs.org/detritus-rest/-/detritus-rest-0.3.1.tgz",
      "integrity": "sha512-DW7wu/trh/Oq+u/ky3xZMgGoZErC2VnEuZ9ZHrOZd973MVcIm9a8hRqIA/N53ygf5a2qExBzuv7UaPw8nwV7yw=="
    },
    "detritus-utils": {
      "version": "0.2.6",
      "resolved": "https://registry.npmjs.org/detritus-utils/-/detritus-utils-0.2.6.tgz",
      "integrity": "sha512-cjeZjmIPew0h4ZP+A9aGizGCNrUyYhSx4FkQXGa3bJ5dNunChSqzUR8a5c2Gq6PIerWldTbh9976WxMw3m6Ejw=="
    },
    "typescript": {
      "version": "3.8.3",
      "resolved": "https://registry.npmjs.org/typescript/-/typescript-3.8.3.tgz",
      "integrity": "sha512-MYlEfn5VrLNsgudQTVJeNaQFUAI7DkhnOjdpAp4T+ku1TfQClewlbSuTVHiA+8skNBgaf02TL/kLOvig4y3G8w==",
      "dev": true
    },
    "ws": {
      "version": "7.2.3",
      "resolved": "https://registry.npmjs.org/ws/-/ws-7.2.3.tgz",
      "integrity": "sha512-HTDl9G9hbkNDk98naoR/cHDws7+EyYMOdL1BmjsZXRUjf7d+MficC4B7HLUPlSiho0vg+CWKrGIt/VJBd1xunQ=="
    }
  }
}
